<Solution>
  <Folder Name="/src/">
    <Project Path="src/MultiTenantSaaS.API/MultiTenantSaaS.API.csproj" />
    <Project Path="src/MultiTenantSaaS.Application/MultiTenantSaaS.Application.csproj" />
    <Project Path="src/MultiTenantSaaS.Domain/MultiTenantSaaS.Domain.csproj" />
    <Project Path="src/MultiTenantSaaS.Infrastructure/MultiTenantSaaS.Infrastructure.csproj" />
  </Folder>
  <Folder Name="/tests/">
    <Project Path="tests/MultiTenantSaaS.UnitTests/MultiTenantSaaS.UnitTests.csproj" />
  </Folder>
</Solution>
